// !$*UTF8*$!
{
	archiveVersion = 1;
	classes = {
	};
	objectVersion = 42;
	objects = {

/* Begin PBXBuildFile section */
		8D576312048677EA00EA77CD /* main.mm in Sources */ = {isa = PBXBuildFile; fileRef = 08FB77B6FE84183AC02AAC07 /* main.mm */; settings = {ATTRIBUTES = (); }; };
		8D576314048677EA00EA77CD /* CoreFoundation.framework in Frameworks */ = {isa = PBXBuildFile; fileRef = 0AA1909FFE8422F4C02AAC07 /* CoreFoundation.framework */; };
		8D5B49A804867FD3000E48DA /* InfoPlist.strings in Resources */ = {isa = PBXBuildFile; fileRef = 8D5B49A704867FD3000E48DA /* InfoPlist.strings */; };
		AC534629081FF7B300472358 /* common.mm in Sources */ = {isa = PBXBuildFile; fileRef = AC534628081FF7B300472358 /* common.mm */; };
		AC53462D081FF83D00472358 /* common.h in Headers */ = {isa = PBXBuildFile; fileRef = AC53462C081FF83D00472358 /* common.h */; };
		AC6525E308209B6B00BB2FD3 /* calc.h in Headers */ = {isa = PBXBuildFile; fileRef = AC6525E208209B6B00BB2FD3 /* calc.h */; };
		AC6525E808209BB000BB2FD3 /* calc.mm in Sources */ = {isa = PBXBuildFile; fileRef = AC6525E708209BB000BB2FD3 /* calc.mm */; };
		AC6F226C0AC70539006C4D20 /* base.h in Headers */ = {isa = PBXBuildFile; fileRef = AC6F226B0AC70539006C4D20 /* base.h */; };
		AC6F22760AC7057D006C4D20 /* base.mm in Sources */ = {isa = PBXBuildFile; fileRef = AC6F22750AC7057D006C4D20 /* base.mm */; };
		AC87D9430820B8770008040F /* impress.h in Headers */ = {isa = PBXBuildFile; fileRef = AC87D9420820B8770008040F /* impress.h */; };
		AC87D9480820B8B50008040F /* impress.mm in Sources */ = {isa = PBXBuildFile; fileRef = AC87D9470820B8B50008040F /* impress.mm */; };
		ACF0AED70813358100398ACA /* writer.mm in Sources */ = {isa = PBXBuildFile; fileRef = ACF0AED60813358100398ACA /* writer.mm */; };
		ACF0AEDB081335DF00398ACA /* writer.h in Headers */ = {isa = PBXBuildFile; fileRef = ACF0AEDA081335DF00398ACA /* writer.h */; };
		C86B05270671AA6E00DD9006 /* CoreServices.framework in Frameworks */ = {isa = PBXBuildFile; fileRef = C86B05260671AA6E00DD9006 /* CoreServices.framework */; };
		C88FB7D8067446EC006EBB30 /* schema.xml in Resources */ = {isa = PBXBuildFile; fileRef = C88FB7D7067446EC006EBB30 /* schema.xml */; };
		C88FB7E40674480E006EBB30 /* schema.strings in Resources */ = {isa = PBXBuildFile; fileRef = C88FB7E30674480E006EBB30 /* schema.strings */; };
/* End PBXBuildFile section */

/* Begin PBXBuildRule section */
		AC394BC008F0647900B827CC /* PBXBuildRule */ = {
			isa = PBXBuildRule;
			compilerSpec = com.apple.compilers.gcc.4_0;
			fileType = sourcecode.c;
			isEditable = 1;
			outputFiles = (
			);
		};
		AC394BC108F0648000B827CC /* PBXBuildRule */ = {
			isa = PBXBuildRule;
			compilerSpec = com.apple.compilers.gcc.4_0;
			fileType = sourcecode.asm;
			isEditable = 1;
			outputFiles = (
			);
		};
/* End PBXBuildRule section */

/* Begin PBXFileReference section */
		089C167EFE841241C02AAC07 /* English */ = {isa = PBXFileReference; fileEncoding = 10; lastKnownFileType = text.plist.strings; name = English; path = English.lproj/InfoPlist.strings; sourceTree = "<group>"; };
		08FB77B6FE84183AC02AAC07 /* main.mm */ = {isa = PBXFileReference; fileEncoding = 4; lastKnownFileType = sourcecode.cpp.objcpp; path = main.mm; sourceTree = "<group>"; };
		0AA1909FFE8422F4C02AAC07 /* CoreFoundation.framework */ = {isa = PBXFileReference; lastKnownFileType = wrapper.framework; name = CoreFoundation.framework; path = /System/Library/Frameworks/CoreFoundation.framework; sourceTree = "<absolute>"; };
		8D576316048677EA00EA77CD /* neolight.mdimporter */ = {isa = PBXFileReference; explicitFileType = wrapper.cfbundle; includeInIndex = 0; path = neolight.mdimporter; sourceTree = BUILT_PRODUCTS_DIR; };
		8D576317048677EA00EA77CD /* Info.plist */ = {isa = PBXFileReference; fileEncoding = 4; lastKnownFileType = text.plist; path = Info.plist; sourceTree = "<group>"; };
		AC534628081FF7B300472358 /* common.mm */ = {isa = PBXFileReference; fileEncoding = 4; lastKnownFileType = sourcecode.cpp.objcpp; path = common.mm; sourceTree = "<group>"; };
		AC53462C081FF83D00472358 /* common.h */ = {isa = PBXFileReference; fileEncoding = 4; lastKnownFileType = sourcecode.c.h; path = common.h; sourceTree = "<group>"; };
		AC6525E208209B6B00BB2FD3 /* calc.h */ = {isa = PBXFileReference; fileEncoding = 4; lastKnownFileType = sourcecode.c.h; path = calc.h; sourceTree = "<group>"; };
		AC6525E708209BB000BB2FD3 /* calc.mm */ = {isa = PBXFileReference; fileEncoding = 4; lastKnownFileType = sourcecode.cpp.objcpp; path = calc.mm; sourceTree = "<group>"; };
		AC6F226B0AC70539006C4D20 /* base.h */ = {isa = PBXFileReference; fileEncoding = 30; lastKnownFileType = sourcecode.c.h; path = base.h; sourceTree = SOURCE_ROOT; };
		AC6F22750AC7057D006C4D20 /* base.mm */ = {isa = PBXFileReference; fileEncoding = 30; lastKnownFileType = sourcecode.cpp.objcpp; path = base.mm; sourceTree = SOURCE_ROOT; };
		AC87D9420820B8770008040F /* impress.h */ = {isa = PBXFileReference; fileEncoding = 4; lastKnownFileType = sourcecode.c.h; path = impress.h; sourceTree = "<group>"; };
		AC87D9470820B8B50008040F /* impress.mm */ = {isa = PBXFileReference; fileEncoding = 4; lastKnownFileType = sourcecode.cpp.objcpp; path = impress.mm; sourceTree = "<group>"; };
		ACF0AED60813358100398ACA /* writer.mm */ = {isa = PBXFileReference; fileEncoding = 4; lastKnownFileType = sourcecode.cpp.objcpp; path = writer.mm; sourceTree = "<group>"; };
		ACF0AEDA081335DF00398ACA /* writer.h */ = {isa = PBXFileReference; fileEncoding = 4; lastKnownFileType = sourcecode.c.h; path = writer.h; sourceTree = "<group>"; };
		C86B05260671AA6E00DD9006 /* CoreServices.framework */ = {isa = PBXFileReference; lastKnownFileType = wrapper.framework; name = CoreServices.framework; path = /System/Library/Frameworks/CoreServices.framework; sourceTree = "<absolute>"; };
		C88FB7D7067446EC006EBB30 /* schema.xml */ = {isa = PBXFileReference; fileEncoding = 4; lastKnownFileType = text.xml; path = schema.xml; sourceTree = "<group>"; };
		C88FB7DB0674470F006EBB30 /* English */ = {isa = PBXFileReference; fileEncoding = 4; lastKnownFileType = text.plist.strings; name = English; path = English.lproj/schema.strings; sourceTree = "<group>"; };
/* End PBXFileReference section */

/* Begin PBXFrameworksBuildPhase section */
		8D576313048677EA00EA77CD /* Frameworks */ = {
			isa = PBXFrameworksBuildPhase;
			buildActionMask = 2147483647;
			files = (
				8D576314048677EA00EA77CD /* CoreFoundation.framework in Frameworks */,
				C86B05270671AA6E00DD9006 /* CoreServices.framework in Frameworks */,
			);
			runOnlyForDeploymentPostprocessing = 0;
		};
/* End PBXFrameworksBuildPhase section */

/* Begin PBXGroup section */
		089C166AFE841209C02AAC07 /* neolight */ = {
			isa = PBXGroup;
			children = (
				08FB77AFFE84173DC02AAC07 /* Source */,
				089C167CFE841241C02AAC07 /* Resources */,
				089C1671FE841209C02AAC07 /* External Frameworks and Libraries */,
				19C28FB6FE9D52B211CA2CBB /* Products */,
			);
			name = neolight;
			sourceTree = "<group>";
		};
		089C1671FE841209C02AAC07 /* External Frameworks and Libraries */ = {
			isa = PBXGroup;
			children = (
				C86B05260671AA6E00DD9006 /* CoreServices.framework */,
				0AA1909FFE8422F4C02AAC07 /* CoreFoundation.framework */,
			);
			name = "External Frameworks and Libraries";
			sourceTree = "<group>";
		};
		089C167CFE841241C02AAC07 /* Resources */ = {
			isa = PBXGroup;
			children = (
				C88FB7E30674480E006EBB30 /* schema.strings */,
				C88FB7D7067446EC006EBB30 /* schema.xml */,
				8D576317048677EA00EA77CD /* Info.plist */,
				8D5B49A704867FD3000E48DA /* InfoPlist.strings */,
			);
			name = Resources;
			sourceTree = "<group>";
		};
		08FB77AFFE84173DC02AAC07 /* Source */ = {
			isa = PBXGroup;
			children = (
				AC87D9470820B8B50008040F /* impress.mm */,
				AC87D9420820B8770008040F /* impress.h */,
				AC6525E708209BB000BB2FD3 /* calc.mm */,
				AC6F226B0AC70539006C4D20 /* base.h */,
				AC6F22750AC7057D006C4D20 /* base.mm */,
				AC6525E208209B6B00BB2FD3 /* calc.h */,
				AC53462C081FF83D00472358 /* common.h */,
				AC534628081FF7B300472358 /* common.mm */,
				ACF0AEDA081335DF00398ACA /* writer.h */,
				ACF0AED60813358100398ACA /* writer.mm */,
				08FB77B6FE84183AC02AAC07 /* main.mm */,
			);
			name = Source;
			sourceTree = "<group>";
		};
		19C28FB6FE9D52B211CA2CBB /* Products */ = {
			isa = PBXGroup;
			children = (
				8D576316048677EA00EA77CD /* neolight.mdimporter */,
			);
			name = Products;
			sourceTree = "<group>";
		};
/* End PBXGroup section */

/* Begin PBXHeadersBuildPhase section */
		8D57630E048677EA00EA77CD /* Headers */ = {
			isa = PBXHeadersBuildPhase;
			buildActionMask = 2147483647;
			files = (
				AC6525E308209B6B00BB2FD3 /* calc.h in Headers */,
				ACF0AEDB081335DF00398ACA /* writer.h in Headers */,
				AC53462D081FF83D00472358 /* common.h in Headers */,
				AC87D9430820B8770008040F /* impress.h in Headers */,
				AC6F226C0AC70539006C4D20 /* base.h in Headers */,
			);
			runOnlyForDeploymentPostprocessing = 0;
		};
/* End PBXHeadersBuildPhase section */

/* Begin PBXNativeTarget section */
		8D57630D048677EA00EA77CD /* neolight */ = {
			isa = PBXNativeTarget;
			buildConfigurationList = AC394BB108F061C100B827CC /* Build configuration list for PBXNativeTarget "neolight" */;
			buildPhases = (
				8D57630E048677EA00EA77CD /* Headers */,
				8D57630F048677EA00EA77CD /* Resources */,
				8D576311048677EA00EA77CD /* Sources */,
				8D576313048677EA00EA77CD /* Frameworks */,
				8D576315048677EA00EA77CD /* Rez */,
			);
			buildRules = (
				AC394BC108F0648000B827CC /* PBXBuildRule */,
				AC394BC008F0647900B827CC /* PBXBuildRule */,
			);
			dependencies = (
			);
			name = neolight;
			productInstallPath = "$(HOME)/Library/MDImporters";
			productName = neolight;
			productReference = 8D576316048677EA00EA77CD /* neolight.mdimporter */;
			productType = "com.apple.product-type.bundle";
		};
/* End PBXNativeTarget section */

/* Begin PBXProject section */
		089C1669FE841209C02AAC07 /* Project object */ = {
			isa = PBXProject;
			buildConfigurationList = AC394BB508F061C100B827CC /* Build configuration list for PBXProject "neolight" */;
			hasScannedForEncodings = 1;
			mainGroup = 089C166AFE841209C02AAC07 /* neolight */;
			projectDirPath = "";
			targets = (
				8D57630D048677EA00EA77CD /* neolight */,
			);
		};
/* End PBXProject section */

/* Begin PBXResourcesBuildPhase section */
		8D57630F048677EA00EA77CD /* Resources */ = {
			isa = PBXResourcesBuildPhase;
			buildActionMask = 2147483647;
			files = (
				8D5B49A804867FD3000E48DA /* InfoPlist.strings in Resources */,
				C88FB7D8067446EC006EBB30 /* schema.xml in Resources */,
				C88FB7E40674480E006EBB30 /* schema.strings in Resources */,
			);
			runOnlyForDeploymentPostprocessing = 0;
		};
/* End PBXResourcesBuildPhase section */

/* Begin PBXRezBuildPhase section */
		8D576315048677EA00EA77CD /* Rez */ = {
			isa = PBXRezBuildPhase;
			buildActionMask = 2147483647;
			files = (
			);
			runOnlyForDeploymentPostprocessing = 0;
		};
/* End PBXRezBuildPhase section */

/* Begin PBXSourcesBuildPhase section */
		8D576311048677EA00EA77CD /* Sources */ = {
			isa = PBXSourcesBuildPhase;
			buildActionMask = 2147483647;
			files = (
				8D576312048677EA00EA77CD /* main.mm in Sources */,
				ACF0AED70813358100398ACA /* writer.mm in Sources */,
				AC534629081FF7B300472358 /* common.mm in Sources */,
				AC6525E808209BB000BB2FD3 /* calc.mm in Sources */,
				AC87D9480820B8B50008040F /* impress.mm in Sources */,
				AC6F22760AC7057D006C4D20 /* base.mm in Sources */,
			);
			runOnlyForDeploymentPostprocessing = 0;
		};
/* End PBXSourcesBuildPhase section */

/* Begin PBXVariantGroup section */
		8D5B49A704867FD3000E48DA /* InfoPlist.strings */ = {
			isa = PBXVariantGroup;
			children = (
				089C167EFE841241C02AAC07 /* English */,
			);
			name = InfoPlist.strings;
			sourceTree = "<group>";
		};
		C88FB7E30674480E006EBB30 /* schema.strings */ = {
			isa = PBXVariantGroup;
			children = (
				C88FB7DB0674470F006EBB30 /* English */,
			);
			name = schema.strings;
			sourceTree = "<group>";
		};
/* End PBXVariantGroup section */

/* Begin XCBuildConfiguration section */
		AC394BB208F061C100B827CC /* Development */ = {
			isa = XCBuildConfiguration;
			buildSettings = {
				COPY_PHASE_STRIP = NO;
				DEBUGGING_SYMBOLS = YES;
				FRAMEWORK_SEARCH_PATHS = "";
				GCC_DYNAMIC_NO_PIC = NO;
				GCC_ENABLE_FIX_AND_CONTINUE = YES;
				GCC_GENERATE_DEBUGGING_SYMBOLS = YES;
				GCC_OPTIMIZATION_LEVEL = 0;
				GCC_PRECOMPILE_PREFIX_HEADER = NO;
				GCC_WARN_FOUR_CHARACTER_CONSTANTS = NO;
				GCC_WARN_UNKNOWN_PRAGMAS = NO;
				HEADER_SEARCH_PATHS = "";
				INFOPLIST_FILE = Info.plist;
				INSTALL_PATH = "$(HOME)/Library/MDImporters";
				LIBRARY_SEARCH_PATHS = "";
				LIBRARY_STYLE = Bundle;
				OPTIMIZATION_CFLAGS = "-O0";
				OTHER_CFLAGS = "";
				OTHER_LDFLAGS = "";
				OTHER_REZFLAGS = "";
				PRODUCT_NAME = neolight;
				SECTORDER_FLAGS = "";
				WARNING_CFLAGS = (
					"-Wmost",
					"-Wno-four-char-constants",
					"-Wno-unknown-pragmas",
				);
				WRAPPER_EXTENSION = mdimporter;
				ZERO_LINK = YES;
			};
			name = Development;
		};
		AC394BB308F061C100B827CC /* Deployment */ = {
			isa = XCBuildConfiguration;
			buildSettings = {
				COPY_PHASE_STRIP = YES;
				FRAMEWORK_SEARCH_PATHS = "";
				GCC_ENABLE_FIX_AND_CONTINUE = NO;
				GCC_GENERATE_DEBUGGING_SYMBOLS = NO;
				GCC_PRECOMPILE_PREFIX_HEADER = NO;
				GCC_WARN_FOUR_CHARACTER_CONSTANTS = NO;
				GCC_WARN_UNKNOWN_PRAGMAS = NO;
				HEADER_SEARCH_PATHS = "";
				INFOPLIST_FILE = Info.plist;
				INSTALL_PATH = "$(HOME)/Library/MDImporters";
				LIBRARY_SEARCH_PATHS = "";
				LIBRARY_STYLE = Bundle;
				OTHER_CFLAGS = "";
				OTHER_LDFLAGS = "";
				OTHER_REZFLAGS = "";
				PRODUCT_NAME = neolight;
				SECTORDER_FLAGS = "";
				WARNING_CFLAGS = (
					"-Wmost",
					"-Wno-four-char-constants",
					"-Wno-unknown-pragmas",
				);
				WRAPPER_EXTENSION = mdimporter;
				ZERO_LINK = NO;
			};
			name = Deployment;
		};
		AC394BB408F061C100B827CC /* Default */ = {
			isa = XCBuildConfiguration;
			buildSettings = {
				FRAMEWORK_SEARCH_PATHS = "";
				GCC_GENERATE_DEBUGGING_SYMBOLS = NO;
				GCC_PRECOMPILE_PREFIX_HEADER = NO;
				GCC_WARN_FOUR_CHARACTER_CONSTANTS = NO;
				GCC_WARN_UNKNOWN_PRAGMAS = NO;
				HEADER_SEARCH_PATHS = "";
				INFOPLIST_FILE = Info.plist;
				INSTALL_PATH = "$(HOME)/Library/MDImporters";
				LIBRARY_SEARCH_PATHS = "";
				LIBRARY_STYLE = Bundle;
				OTHER_CFLAGS = "";
				OTHER_LDFLAGS = "";
				OTHER_REZFLAGS = "";
				PRODUCT_NAME = neolight;
				SECTORDER_FLAGS = "";
				WARNING_CFLAGS = (
					"-Wmost",
					"-Wno-four-char-constants",
					"-Wno-unknown-pragmas",
				);
				WRAPPER_EXTENSION = mdimporter;
			};
			name = Default;
		};
		AC394BB608F061C100B827CC /* Development */ = {
			isa = XCBuildConfiguration;
			buildSettings = {
				ARCHS = (
					ppc,
					i386,
				);
				MACOSX_DEPLOYMENT_TARGET = 10.4;
				SDKROOT = /Developer/SDKs/MacOSX10.4u.sdk;
			};
			name = Development;
		};
		AC394BB708F061C100B827CC /* Deployment */ = {
			isa = XCBuildConfiguration;
			buildSettings = {
				ARCHS = (
					ppc,
					i386,
				);
				MACOSX_DEPLOYMENT_TARGET = 10.4;
				SDKROOT = /Developer/SDKs/MacOSX10.4u.sdk;
			};
			name = Deployment;
		};
		AC394BB808F061C100B827CC /* Default */ = {
			isa = XCBuildConfiguration;
			buildSettings = {
				ARCHS = (
					ppc,
					i386,
				);
				MACOSX_DEPLOYMENT_TARGET = 10.4;
				SDKROOT = /Developer/SDKs/MacOSX10.4u.sdk;
			};
			name = Default;
		};
/* End XCBuildConfiguration section */

/* Begin XCConfigurationList section */
		AC394BB108F061C100B827CC /* Build configuration list for PBXNativeTarget "neolight" */ = {
			isa = XCConfigurationList;
			buildConfigurations = (
				AC394BB208F061C100B827CC /* Development */,
				AC394BB308F061C100B827CC /* Deployment */,
				AC394BB408F061C100B827CC /* Default */,
			);
			defaultConfigurationIsVisible = 0;
			defaultConfigurationName = Default;
		};
		AC394BB508F061C100B827CC /* Build configuration list for PBXProject "neolight" */ = {
			isa = XCConfigurationList;
			buildConfigurations = (
				AC394BB608F061C100B827CC /* Development */,
				AC394BB708F061C100B827CC /* Deployment */,
				AC394BB808F061C100B827CC /* Default */,
			);
			defaultConfigurationIsVisible = 0;
			defaultConfigurationName = Default;
		};
/* End XCConfigurationList section */
	};
	rootObject = 089C1669FE841209C02AAC07 /* Project object */;
}
